
Microsoft Visual Studio Solution File, Format Version 12.00
# Visual Studio 14
VisualStudioVersion = 14.0.25420.1
MinimumVisualStudioVersion = 10.0.40219.1
Project("{FAE04EC0-301F-11D3-BF4B-00C04F79EFBC}") = "Common", "Common\Common.csproj", "{88AE125A-6462-40BB-AB91-D8D0F1BCC842}"
EndProject
Project("{FAE04EC0-301F-11D3-BF4B-00C04F79EFBC}") = "HittingWalls", "HittingWalls\HittingWalls.csproj", "{83C66232-9366-4EF7-8C95-7BE6B5EE3B10}"
EndProject
Project("{FAE04EC0-301F-11D3-BF4B-00C04F79EFBC}") = "StructureExcersise", "StructureExcersise\StructureExcersise.csproj", "{558D4EF1-4684-4950-ADBE-0A0D5C6EB58F}"
EndProject
Project("{FAE04EC0-301F-11D3-BF4B-00C04F79EFBC}") = "Logger", "Logger\Logger.csproj", "{F0A8E8A7-F769-483E-BAA5-8676153296CC}"
EndProject
Project("{FAE04EC0-301F-11D3-BF4B-00C04F79EFBC}") = "Logger.Test", "Logger.Test\Logger.Test.csproj", "{6E22551D-D8BC-4D5B-A634-5C3C2AADC29A}"
EndProject
Project("{FAE04EC0-301F-11D3-BF4B-00C04F79EFBC}") = "FillMatrix", "FillMatrix\FillMatrix.csproj", "{B270397E-62BD-484C-B7D6-8983B0BF4927}"
EndProject
Project("{FAE04EC0-301F-11D3-BF4B-00C04F79EFBC}") = "SortArray", "SortArray\SortArray.csproj", "{4A45D67F-1DF8-4BE4-88C9-B7DA9125A62A}"
EndProject
Project("{FAE04EC0-301F-11D3-BF4B-00C04F79EFBC}") = "SnakeMatrix", "SnakeMatrix\SnakeMatrix.csproj", "{BFCABDE8-DE5B-406F-849F-72B06ABD3876}"
EndProject
Project("{FAE04EC0-301F-11D3-BF4B-00C04F79EFBC}") = "DiagonalMatrixMovement", "DiagonalMatrixMovement\DiagonalMatrixMovement.csproj", "{1B96B8C6-0B60-4F5F-8298-CAD629389AA3}"
EndProject
Project("{FAE04EC0-301F-11D3-BF4B-00C04F79EFBC}") = "DiagonalMatrixMovement.Test", "DiagonalMatrixMovement.Test\DiagonalMatrixMovement.Test.csproj", "{D726212A-6A21-487E-8469-1A78F39E83DE}"
EndProject
Project("{FAE04EC0-301F-11D3-BF4B-00C04F79EFBC}") = "EncodeEncrypt", "EncodeEncrypt\EncodeEncrypt.csproj", "{7299E301-00A7-44E2-B087-494A4C5742B9}"
EndProject
Project("{FAE04EC0-301F-11D3-BF4B-00C04F79EFBC}") = "AddAndSubtract", "AddAndSubtract\AddAndSubtract.csproj", "{A71D149E-088F-47F1-8656-8156BE668008}"
EndProject
Project("{FAE04EC0-301F-11D3-BF4B-00C04F79EFBC}") = "AddAndSubtract.Test", "AddAndSubtract.Test\AddAndSubtract.Test.csproj", "{AB3B5510-8BB9-49D9-8C84-29B6AD292FCE}"
EndProject
Project("{FAE04EC0-301F-11D3-BF4B-00C04F79EFBC}") = "EncodeEncrypt.Test", "EncodeEncrypt.Test\EncodeEncrypt.Test.csproj", "{CDD0B6BE-3BEE-431F-8D6C-A4237FBBB124}"
EndProject
Project("{FAE04EC0-301F-11D3-BF4B-00C04F79EFBC}") = "Calculator", "Calculator\Calculator.csproj", "{8F517039-5C51-40AF-8BBE-4EE7E8828954}"
EndProject
Project("{FAE04EC0-301F-11D3-BF4B-00C04F79EFBC}") = "MultiplyAndDivide", "MultiplyAndDivide\MultiplyAndDivide.csproj", "{B408AD9E-E830-4342-A712-772A7BF67DFC}"
EndProject
Project("{FAE04EC0-301F-11D3-BF4B-00C04F79EFBC}") = "MultiplyAndDivide.Test", "MultiplyAndDivide.Test\MultiplyAndDivide.Test.csproj", "{834F34D0-6053-4FC4-935E-97F68B6960C1}"
EndProject
Global
	GlobalSection(SolutionConfigurationPlatforms) = preSolution
		Debug|Any CPU = Debug|Any CPU
		Release|Any CPU = Release|Any CPU
	EndGlobalSection
	GlobalSection(ProjectConfigurationPlatforms) = postSolution
		{88AE125A-6462-40BB-AB91-D8D0F1BCC842}.Debug|Any CPU.ActiveCfg = Debug|Any CPU
		{88AE125A-6462-40BB-AB91-D8D0F1BCC842}.Debug|Any CPU.Build.0 = Debug|Any CPU
		{88AE125A-6462-40BB-AB91-D8D0F1BCC842}.Release|Any CPU.ActiveCfg = Release|Any CPU
		{88AE125A-6462-40BB-AB91-D8D0F1BCC842}.Release|Any CPU.Build.0 = Release|Any CPU
		{83C66232-9366-4EF7-8C95-7BE6B5EE3B10}.Debug|Any CPU.ActiveCfg = Debug|Any CPU
		{83C66232-9366-4EF7-8C95-7BE6B5EE3B10}.Debug|Any CPU.Build.0 = Debug|Any CPU
		{83C66232-9366-4EF7-8C95-7BE6B5EE3B10}.Release|Any CPU.ActiveCfg = Release|Any CPU
		{83C66232-9366-4EF7-8C95-7BE6B5EE3B10}.Release|Any CPU.Build.0 = Release|Any CPU
		{558D4EF1-4684-4950-ADBE-0A0D5C6EB58F}.Debug|Any CPU.ActiveCfg = Debug|Any CPU
		{558D4EF1-4684-4950-ADBE-0A0D5C6EB58F}.Debug|Any CPU.Build.0 = Debug|Any CPU
		{558D4EF1-4684-4950-ADBE-0A0D5C6EB58F}.Release|Any CPU.ActiveCfg = Release|Any CPU
		{558D4EF1-4684-4950-ADBE-0A0D5C6EB58F}.Release|Any CPU.Build.0 = Release|Any CPU
		{F0A8E8A7-F769-483E-BAA5-8676153296CC}.Debug|Any CPU.ActiveCfg = Debug|Any CPU
		{F0A8E8A7-F769-483E-BAA5-8676153296CC}.Debug|Any CPU.Build.0 = Debug|Any CPU
		{F0A8E8A7-F769-483E-BAA5-8676153296CC}.Release|Any CPU.ActiveCfg = Release|Any CPU
		{F0A8E8A7-F769-483E-BAA5-8676153296CC}.Release|Any CPU.Build.0 = Release|Any CPU
		{6E22551D-D8BC-4D5B-A634-5C3C2AADC29A}.Debug|Any CPU.ActiveCfg = Debug|Any CPU
		{6E22551D-D8BC-4D5B-A634-5C3C2AADC29A}.Debug|Any CPU.Build.0 = Debug|Any CPU
		{6E22551D-D8BC-4D5B-A634-5C3C2AADC29A}.Release|Any CPU.ActiveCfg = Release|Any CPU
		{6E22551D-D8BC-4D5B-A634-5C3C2AADC29A}.Release|Any CPU.Build.0 = Release|Any CPU
		{B270397E-62BD-484C-B7D6-8983B0BF4927}.Debug|Any CPU.ActiveCfg = Debug|Any CPU
		{B270397E-62BD-484C-B7D6-8983B0BF4927}.Debug|Any CPU.Build.0 = Debug|Any CPU
		{B270397E-62BD-484C-B7D6-8983B0BF4927}.Release|Any CPU.ActiveCfg = Release|Any CPU
		{B270397E-62BD-484C-B7D6-8983B0BF4927}.Release|Any CPU.Build.0 = Release|Any CPU
		{4A45D67F-1DF8-4BE4-88C9-B7DA9125A62A}.Debug|Any CPU.ActiveCfg = Debug|Any CPU
		{4A45D67F-1DF8-4BE4-88C9-B7DA9125A62A}.Debug|Any CPU.Build.0 = Debug|Any CPU
		{4A45D67F-1DF8-4BE4-88C9-B7DA9125A62A}.Release|Any CPU.ActiveCfg = Release|Any CPU
		{4A45D67F-1DF8-4BE4-88C9-B7DA9125A62A}.Release|Any CPU.Build.0 = Release|Any CPU
		{BFCABDE8-DE5B-406F-849F-72B06ABD3876}.Debug|Any CPU.ActiveCfg = Debug|Any CPU
		{BFCABDE8-DE5B-406F-849F-72B06ABD3876}.Debug|Any CPU.Build.0 = Debug|Any CPU
		{BFCABDE8-DE5B-406F-849F-72B06ABD3876}.Release|Any CPU.ActiveCfg = Release|Any CPU
		{BFCABDE8-DE5B-406F-849F-72B06ABD3876}.Release|Any CPU.Build.0 = Release|Any CPU
		{1B96B8C6-0B60-4F5F-8298-CAD629389AA3}.Debug|Any CPU.ActiveCfg = Debug|Any CPU
		{1B96B8C6-0B60-4F5F-8298-CAD629389AA3}.Debug|Any CPU.Build.0 = Debug|Any CPU
		{1B96B8C6-0B60-4F5F-8298-CAD629389AA3}.Release|Any CPU.ActiveCfg = Release|Any CPU
		{1B96B8C6-0B60-4F5F-8298-CAD629389AA3}.Release|Any CPU.Build.0 = Release|Any CPU
		{D726212A-6A21-487E-8469-1A78F39E83DE}.Debug|Any CPU.ActiveCfg = Debug|Any CPU
		{D726212A-6A21-487E-8469-1A78F39E83DE}.Debug|Any CPU.Build.0 = Debug|Any CPU
		{D726212A-6A21-487E-8469-1A78F39E83DE}.Release|Any CPU.ActiveCfg = Release|Any CPU
		{D726212A-6A21-487E-8469-1A78F39E83DE}.Release|Any CPU.Build.0 = Release|Any CPU
		{7299E301-00A7-44E2-B087-494A4C5742B9}.Debug|Any CPU.ActiveCfg = Debug|Any CPU
		{7299E301-00A7-44E2-B087-494A4C5742B9}.Debug|Any CPU.Build.0 = Debug|Any CPU
		{7299E301-00A7-44E2-B087-494A4C5742B9}.Release|Any CPU.ActiveCfg = Release|Any CPU
		{7299E301-00A7-44E2-B087-494A4C5742B9}.Release|Any CPU.Build.0 = Release|Any CPU
		{A71D149E-088F-47F1-8656-8156BE668008}.Debug|Any CPU.ActiveCfg = Debug|Any CPU
		{A71D149E-088F-47F1-8656-8156BE668008}.Debug|Any CPU.Build.0 = Debug|Any CPU
		{A71D149E-088F-47F1-8656-8156BE668008}.Release|Any CPU.ActiveCfg = Release|Any CPU
		{A71D149E-088F-47F1-8656-8156BE668008}.Release|Any CPU.Build.0 = Release|Any CPU
		{AB3B5510-8BB9-49D9-8C84-29B6AD292FCE}.Debug|Any CPU.ActiveCfg = Debug|Any CPU
		{AB3B5510-8BB9-49D9-8C84-29B6AD292FCE}.Debug|Any CPU.Build.0 = Debug|Any CPU
		{AB3B5510-8BB9-49D9-8C84-29B6AD292FCE}.Release|Any CPU.ActiveCfg = Release|Any CPU
		{AB3B5510-8BB9-49D9-8C84-29B6AD292FCE}.Release|Any CPU.Build.0 = Release|Any CPU
		{CDD0B6BE-3BEE-431F-8D6C-A4237FBBB124}.Debug|Any CPU.ActiveCfg = Debug|Any CPU
		{CDD0B6BE-3BEE-431F-8D6C-A4237FBBB124}.Debug|Any CPU.Build.0 = Debug|Any CPU
		{CDD0B6BE-3BEE-431F-8D6C-A4237FBBB124}.Release|Any CPU.ActiveCfg = Release|Any CPU
		{CDD0B6BE-3BEE-431F-8D6C-A4237FBBB124}.Release|Any CPU.Build.0 = Release|Any CPU
		{8F517039-5C51-40AF-8BBE-4EE7E8828954}.Debug|Any CPU.ActiveCfg = Debug|Any CPU
		{8F517039-5C51-40AF-8BBE-4EE7E8828954}.Debug|Any CPU.Build.0 = Debug|Any CPU
		{8F517039-5C51-40AF-8BBE-4EE7E8828954}.Release|Any CPU.ActiveCfg = Release|Any CPU
		{8F517039-5C51-40AF-8BBE-4EE7E8828954}.Release|Any CPU.Build.0 = Release|Any CPU
		{B408AD9E-E830-4342-A712-772A7BF67DFC}.Debug|Any CPU.ActiveCfg = Debug|Any CPU
		{B408AD9E-E830-4342-A712-772A7BF67DFC}.Debug|Any CPU.Build.0 = Debug|Any CPU
		{B408AD9E-E830-4342-A712-772A7BF67DFC}.Release|Any CPU.ActiveCfg = Release|Any CPU
		{B408AD9E-E830-4342-A712-772A7BF67DFC}.Release|Any CPU.Build.0 = Release|Any CPU
		{834F34D0-6053-4FC4-935E-97F68B6960C1}.Debug|Any CPU.ActiveCfg = Debug|Any CPU
		{834F34D0-6053-4FC4-935E-97F68B6960C1}.Debug|Any CPU.Build.0 = Debug|Any CPU
		{834F34D0-6053-4FC4-935E-97F68B6960C1}.Release|Any CPU.ActiveCfg = Release|Any CPU
		{834F34D0-6053-4FC4-935E-97F68B6960C1}.Release|Any CPU.Build.0 = Release|Any CPU
	EndGlobalSection
	GlobalSection(SolutionProperties) = preSolution
		HideSolutionNode = FALSE
	EndGlobalSection
EndGlobal
