
Microsoft Visual Studio Solution File, Format Version 12.00
# Visual Studio 14
VisualStudioVersion = 14.0.25420.1
MinimumVisualStudioVersion = 10.0.40219.1
Project("{FAE04EC0-301F-11D3-BF4B-00C04F79EFBC}") = "Common", "Common\Common.csproj", "{88AE125A-6462-40BB-AB91-D8D0F1BCC842}"
EndProject
Project("{FAE04EC0-301F-11D3-BF4B-00C04F79EFBC}") = "HittingWalls", "HittingWalls\HittingWalls.csproj", "{83C66232-9366-4EF7-8C95-7BE6B5EE3B10}"
EndProject
Project("{FAE04EC0-301F-11D3-BF4B-00C04F79EFBC}") = "StructureExcersise", "StructureExcersise\StructureExcersise.csproj", "{558D4EF1-4684-4950-ADBE-0A0D5C6EB58F}"
EndProject
Project("{FAE04EC0-301F-11D3-BF4B-00C04F79EFBC}") = "Logger", "Logger\Logger.csproj", "{F0A8E8A7-F769-483E-BAA5-8676153296CC}"
EndProject
Project("{FAE04EC0-301F-11D3-BF4B-00C04F79EFBC}") = "Logger.Test", "Logger.Test\Logger.Test.csproj", "{6E22551D-D8BC-4D5B-A634-5C3C2AADC29A}"
EndProject
Project("{FAE04EC0-301F-11D3-BF4B-00C04F79EFBC}") = "FillMatrix", "FillMatrix\FillMatrix.csproj", "{B270397E-62BD-484C-B7D6-8983B0BF4927}"
EndProject
Project("{FAE04EC0-301F-11D3-BF4B-00C04F79EFBC}") = "SortArray", "SortArray\SortArray.csproj", "{4A45D67F-1DF8-4BE4-88C9-B7DA9125A62A}"
EndProject
Project("{FAE04EC0-301F-11D3-BF4B-00C04F79EFBC}") = "SnakeMatrix", "SnakeMatrix\SnakeMatrix.csproj", "{BFCABDE8-DE5B-406F-849F-72B06ABD3876}"
EndProject
Project("{FAE04EC0-301F-11D3-BF4B-00C04F79EFBC}") = "DiagonalMatrixMovement", "DiagonalMatrixMovement\DiagonalMatrixMovement.csproj", "{1B96B8C6-0B60-4F5F-8298-CAD629389AA3}"
EndProject
Project("{FAE04EC0-301F-11D3-BF4B-00C04F79EFBC}") = "DiagonalMatrixTests", "DiagonalMatrixTests\DiagonalMatrixTests.csproj", "{9B77407C-C435-4FDB-A53D-4BB39698AD6C}"
EndProject
Global
	GlobalSection(SolutionConfigurationPlatforms) = preSolution
		Debug|Any CPU = Debug|Any CPU
		Release|Any CPU = Release|Any CPU
	EndGlobalSection
	GlobalSection(ProjectConfigurationPlatforms) = postSolution
		{88AE125A-6462-40BB-AB91-D8D0F1BCC842}.Debug|Any CPU.ActiveCfg = Debug|Any CPU
		{88AE125A-6462-40BB-AB91-D8D0F1BCC842}.Debug|Any CPU.Build.0 = Debug|Any CPU
		{88AE125A-6462-40BB-AB91-D8D0F1BCC842}.Release|Any CPU.ActiveCfg = Release|Any CPU
		{88AE125A-6462-40BB-AB91-D8D0F1BCC842}.Release|Any CPU.Build.0 = Release|Any CPU
		{83C66232-9366-4EF7-8C95-7BE6B5EE3B10}.Debug|Any CPU.ActiveCfg = Debug|Any CPU
		{83C66232-9366-4EF7-8C95-7BE6B5EE3B10}.Debug|Any CPU.Build.0 = Debug|Any CPU
		{83C66232-9366-4EF7-8C95-7BE6B5EE3B10}.Release|Any CPU.ActiveCfg = Release|Any CPU
		{83C66232-9366-4EF7-8C95-7BE6B5EE3B10}.Release|Any CPU.Build.0 = Release|Any CPU
		{558D4EF1-4684-4950-ADBE-0A0D5C6EB58F}.Debug|Any CPU.ActiveCfg = Debug|Any CPU
		{558D4EF1-4684-4950-ADBE-0A0D5C6EB58F}.Debug|Any CPU.Build.0 = Debug|Any CPU
		{558D4EF1-4684-4950-ADBE-0A0D5C6EB58F}.Release|Any CPU.ActiveCfg = Release|Any CPU
		{558D4EF1-4684-4950-ADBE-0A0D5C6EB58F}.Release|Any CPU.Build.0 = Release|Any CPU
		{F0A8E8A7-F769-483E-BAA5-8676153296CC}.Debug|Any CPU.ActiveCfg = Debug|Any CPU
		{F0A8E8A7-F769-483E-BAA5-8676153296CC}.Debug|Any CPU.Build.0 = Debug|Any CPU
		{F0A8E8A7-F769-483E-BAA5-8676153296CC}.Release|Any CPU.ActiveCfg = Release|Any CPU
		{F0A8E8A7-F769-483E-BAA5-8676153296CC}.Release|Any CPU.Build.0 = Release|Any CPU
		{6E22551D-D8BC-4D5B-A634-5C3C2AADC29A}.Debug|Any CPU.ActiveCfg = Debug|Any CPU
		{6E22551D-D8BC-4D5B-A634-5C3C2AADC29A}.Debug|Any CPU.Build.0 = Debug|Any CPU
		{6E22551D-D8BC-4D5B-A634-5C3C2AADC29A}.Release|Any CPU.ActiveCfg = Release|Any CPU
		{6E22551D-D8BC-4D5B-A634-5C3C2AADC29A}.Release|Any CPU.Build.0 = Release|Any CPU
		{B270397E-62BD-484C-B7D6-8983B0BF4927}.Debug|Any CPU.ActiveCfg = Debug|Any CPU
		{B270397E-62BD-484C-B7D6-8983B0BF4927}.Debug|Any CPU.Build.0 = Debug|Any CPU
		{B270397E-62BD-484C-B7D6-8983B0BF4927}.Release|Any CPU.ActiveCfg = Release|Any CPU
		{B270397E-62BD-484C-B7D6-8983B0BF4927}.Release|Any CPU.Build.0 = Release|Any CPU
		{4A45D67F-1DF8-4BE4-88C9-B7DA9125A62A}.Debug|Any CPU.ActiveCfg = Debug|Any CPU
		{4A45D67F-1DF8-4BE4-88C9-B7DA9125A62A}.Debug|Any CPU.Build.0 = Debug|Any CPU
		{4A45D67F-1DF8-4BE4-88C9-B7DA9125A62A}.Release|Any CPU.ActiveCfg = Release|Any CPU
		{4A45D67F-1DF8-4BE4-88C9-B7DA9125A62A}.Release|Any CPU.Build.0 = Release|Any CPU
		{BFCABDE8-DE5B-406F-849F-72B06ABD3876}.Debug|Any CPU.ActiveCfg = Debug|Any CPU
		{BFCABDE8-DE5B-406F-849F-72B06ABD3876}.Debug|Any CPU.Build.0 = Debug|Any CPU
		{BFCABDE8-DE5B-406F-849F-72B06ABD3876}.Release|Any CPU.ActiveCfg = Release|Any CPU
		{BFCABDE8-DE5B-406F-849F-72B06ABD3876}.Release|Any CPU.Build.0 = Release|Any CPU
		{1B96B8C6-0B60-4F5F-8298-CAD629389AA3}.Debug|Any CPU.ActiveCfg = Debug|Any CPU
		{1B96B8C6-0B60-4F5F-8298-CAD629389AA3}.Debug|Any CPU.Build.0 = Debug|Any CPU
		{1B96B8C6-0B60-4F5F-8298-CAD629389AA3}.Release|Any CPU.ActiveCfg = Release|Any CPU
		{1B96B8C6-0B60-4F5F-8298-CAD629389AA3}.Release|Any CPU.Build.0 = Release|Any CPU
		{9B77407C-C435-4FDB-A53D-4BB39698AD6C}.Debug|Any CPU.ActiveCfg = Debug|Any CPU
		{9B77407C-C435-4FDB-A53D-4BB39698AD6C}.Debug|Any CPU.Build.0 = Debug|Any CPU
		{9B77407C-C435-4FDB-A53D-4BB39698AD6C}.Release|Any CPU.ActiveCfg = Release|Any CPU
		{9B77407C-C435-4FDB-A53D-4BB39698AD6C}.Release|Any CPU.Build.0 = Release|Any CPU
	EndGlobalSection
	GlobalSection(SolutionProperties) = preSolution
		HideSolutionNode = FALSE
	EndGlobalSection
EndGlobal
